// !$*UTF8*$!
{
	archiveVersion = 1;
	classes = {
	};
	objectVersion = 50;
	objects = {

/* Begin PBXBuildFile section */
		3FD8F3F1259B22DB00984E94 /* AppDelegate.swift in Sources */ = {isa = PBXBuildFile; fileRef = 3FD8F3F0259B22DB00984E94 /* AppDelegate.swift */; };
		3FD8F3F3259B22DB00984E94 /* SceneDelegate.swift in Sources */ = {isa = PBXBuildFile; fileRef = 3FD8F3F2259B22DB00984E94 /* SceneDelegate.swift */; };
		3FD8F3F5259B22DB00984E94 /* ViewController.swift in Sources */ = {isa = PBXBuildFile; fileRef = 3FD8F3F4259B22DB00984E94 /* ViewController.swift */; };
		3FD8F3F8259B22DB00984E94 /* Main.storyboard in Resources */ = {isa = PBXBuildFile; fileRef = 3FD8F3F6259B22DB00984E94 /* Main.storyboard */; };
		3FD8F3FA259B22E000984E94 /* Assets.xcassets in Resources */ = {isa = PBXBuildFile; fileRef = 3FD8F3F9259B22E000984E94 /* Assets.xcassets */; };
		3FD8F3FD259B22E000984E94 /* LaunchScreen.storyboard in Resources */ = {isa = PBXBuildFile; fileRef = 3FD8F3FB259B22E000984E94 /* LaunchScreen.storyboard */; };
		3FD8F408259B22E000984E94 /* PreworkTests.swift in Sources */ = {isa = PBXBuildFile; fileRef = 3FD8F407259B22E000984E94 /* PreworkTests.swift */; };
		3FD8F413259B22E000984E94 /* PreworkUITests.swift in Sources */ = {isa = PBXBuildFile; fileRef = 3FD8F412259B22E000984E94 /* PreworkUITests.swift */; };
/* End PBXBuildFile section */

/* Begin PBXContainerItemProxy section */
		3FD8F404259B22E000984E94 /* PBXContainerItemProxy */ = {
			isa = PBXContainerItemProxy;
			containerPortal = 3FD8F3E5259B22DB00984E94 /* Project object */;
			proxyType = 1;
			remoteGlobalIDString = 3FD8F3EC259B22DB00984E94;
			remoteInfo = Prework;
		};
		3FD8F40F259B22E000984E94 /* PBXContainerItemProxy */ = {
			isa = PBXContainerItemProxy;
			containerPortal = 3FD8F3E5259B22DB00984E94 /* Project object */;
			proxyType = 1;
			remoteGlobalIDString = 3FD8F3EC259B22DB00984E94;
			remoteInfo = Prework;
		};
/* End PBXContainerItemProxy section */

/* Begin PBXFileReference section */
		3FD8F3ED259B22DB00984E94 /* Prework.app */ = {isa = PBXFileReference; explicitFileType = wrapper.application; includeInIndex = 0; path = Prework.app; sourceTree = BUILT_PRODUCTS_DIR; };
		3FD8F3F0259B22DB00984E94 /* AppDelegate.swift */ = {isa = PBXFileReference; lastKnownFileType = sourcecode.swift; path = AppDelegate.swift; sourceTree = "<group>"; };
		3FD8F3F2259B22DB00984E94 /* SceneDelegate.swift */ = {isa = PBXFileReference; lastKnownFileType = sourcecode.swift; path = SceneDelegate.swift; sourceTree = "<group>"; };
		3FD8F3F4259B22DB00984E94 /* ViewController.swift */ = {isa = PBXFileReference; lastKnownFileType = sourcecode.swift; path = ViewController.swift; sourceTree = "<group>"; };
		3FD8F3F7259B22DB00984E94 /* Base */ = {isa = PBXFileReference; lastKnownFileType = file.storyboard; name = Base; path = Base.lproj/Main.storyboard; sourceTree = "<group>"; };
		3FD8F3F9259B22E000984E94 /* Assets.xcassets */ = {isa = PBXFileReference; lastKnownFileType = folder.assetcatalog; path = Assets.xcassets; sourceTree = "<group>"; };
		3FD8F3FC259B22E000984E94 /* Base */ = {isa = PBXFileReference; lastKnownFileType = file.storyboard; name = Base; path = Base.lproj/LaunchScreen.storyboard; sourceTree = "<group>"; };
		3FD8F3FE259B22E000984E94 /* Info.plist */ = {isa = PBXFileReference; lastKnownFileType = text.plist.xml; path = Info.plist; sourceTree = "<group>"; };
		3FD8F403259B22E000984E94 /* PreworkTests.xctest */ = {isa = PBXFileReference; explicitFileType = wrapper.cfbundle; includeInIndex = 0; path = PreworkTests.xctest; sourceTree = BUILT_PRODUCTS_DIR; };
		3FD8F407259B22E000984E94 /* PreworkTests.swift */ = {isa = PBXFileReference; lastKnownFileType = sourcecode.swift; path = PreworkTests.swift; sourceTree = "<group>"; };
		3FD8F409259B22E000984E94 /* Info.plist */ = {isa = PBXFileReference; lastKnownFileType = text.plist.xml; path = Info.plist; sourceTree = "<group>"; };
		3FD8F40E259B22E000984E94 /* PreworkUITests.xctest */ = {isa = PBXFileReference; explicitFileType = wrapper.cfbundle; includeInIndex = 0; path = PreworkUITests.xctest; sourceTree = BUILT_PRODUCTS_DIR; };
		3FD8F412259B22E000984E94 /* PreworkUITests.swift */ = {isa = PBXFileReference; lastKnownFileType = sourcecode.swift; path = PreworkUITests.swift; sourceTree = "<group>"; };
		3FD8F414259B22E000984E94 /* Info.plist */ = {isa = PBXFileReference; lastKnownFileType = text.plist.xml; path = Info.plist; sourceTree = "<group>"; };
/* End PBXFileReference section */

/* Begin PBXFrameworksBuildPhase section */
		3FD8F3EA259B22DB00984E94 /* Frameworks */ = {
			isa = PBXFrameworksBuildPhase;
			buildActionMask = 2147483647;
			files = (
			);
			runOnlyForDeploymentPostprocessing = 0;
		};
		3FD8F400259B22E000984E94 /* Frameworks */ = {
			isa = PBXFrameworksBuildPhase;
			buildActionMask = 2147483647;
			files = (
			);
			runOnlyForDeploymentPostprocessing = 0;
		};
		3FD8F40B259B22E000984E94 /* Frameworks */ = {
			isa = PBXFrameworksBuildPhase;
			buildActionMask = 2147483647;
			files = (
			);
			runOnlyForDeploymentPostprocessing = 0;
		};
/* End PBXFrameworksBuildPhase section */

/* Begin PBXGroup section */
		3FD8F3E4259B22DB00984E94 = {
			isa = PBXGroup;
			children = (
				3FD8F3EF259B22DB00984E94 /* Prework */,
				3FD8F406259B22E000984E94 /* PreworkTests */,
				3FD8F411259B22E000984E94 /* PreworkUITests */,
				3FD8F3EE259B22DB00984E94 /* Products */,
			);
			sourceTree = "<group>";
		};
		3FD8F3EE259B22DB00984E94 /* Products */ = {
			isa = PBXGroup;
			children = (
				3FD8F3ED259B22DB00984E94 /* Prework.app */,
				3FD8F403259B22E000984E94 /* PreworkTests.xctest */,
				3FD8F40E259B22E000984E94 /* PreworkUITests.xctest */,
			);
			name = Products;
			sourceTree = "<group>";
		};
		3FD8F3EF259B22DB00984E94 /* Prework */ = {
			isa = PBXGroup;
			children = (
				3FD8F3F0259B22DB00984E94 /* AppDelegate.swift */,
				3FD8F3F2259B22DB00984E94 /* SceneDelegate.swift */,
				3FD8F3F4259B22DB00984E94 /* ViewController.swift */,
				3FD8F3F6259B22DB00984E94 /* Main.storyboard */,
				3FD8F3F9259B22E000984E94 /* Assets.xcassets */,
				3FD8F3FB259B22E000984E94 /* LaunchScreen.storyboard */,
				3FD8F3FE259B22E000984E94 /* Info.plist */,
			);
			path = Prework;
			sourceTree = "<group>";
		};
		3FD8F406259B22E000984E94 /* PreworkTests */ = {
			isa = PBXGroup;
			children = (
				3FD8F407259B22E000984E94 /* PreworkTests.swift */,
				3FD8F409259B22E000984E94 /* Info.plist */,
			);
			path = PreworkTests;
			sourceTree = "<group>";
		};
		3FD8F411259B22E000984E94 /* PreworkUITests */ = {
			isa = PBXGroup;
			children = (
				3FD8F412259B22E000984E94 /* PreworkUITests.swift */,
				3FD8F414259B22E000984E94 /* Info.plist */,
			);
			path = PreworkUITests;
			sourceTree = "<group>";
		};
/* End PBXGroup section */

/* Begin PBXNativeTarget section */
		3FD8F3EC259B22DB00984E94 /* Prework */ = {
			isa = PBXNativeTarget;
			buildConfigurationList = 3FD8F417259B22E000984E94 /* Build configuration list for PBXNativeTarget "Prework" */;
			buildPhases = (
				3FD8F3E9259B22DB00984E94 /* Sources */,
				3FD8F3EA259B22DB00984E94 /* Frameworks */,
				3FD8F3EB259B22DB00984E94 /* Resources */,
			);
			buildRules = (
			);
			dependencies = (
			);
			name = Prework;
			productName = Prework;
			productReference = 3FD8F3ED259B22DB00984E94 /* Prework.app */;
			productType = "com.apple.product-type.application";
		};
		3FD8F402259B22E000984E94 /* PreworkTests */ = {
			isa = PBXNativeTarget;
			buildConfigurationList = 3FD8F41A259B22E000984E94 /* Build configuration list for PBXNativeTarget "PreworkTests" */;
			buildPhases = (
				3FD8F3FF259B22E000984E94 /* Sources */,
				3FD8F400259B22E000984E94 /* Frameworks */,
				3FD8F401259B22E000984E94 /* Resources */,
			);
			buildRules = (
			);
			dependencies = (
				3FD8F405259B22E000984E94 /* PBXTargetDependency */,
			);
			name = PreworkTests;
			productName = PreworkTests;
			productReference = 3FD8F403259B22E000984E94 /* PreworkTests.xctest */;
			productType = "com.apple.product-type.bundle.unit-test";
		};
		3FD8F40D259B22E000984E94 /* PreworkUITests */ = {
			isa = PBXNativeTarget;
			buildConfigurationList = 3FD8F41D259B22E000984E94 /* Build configuration list for PBXNativeTarget "PreworkUITests" */;
			buildPhases = (
				3FD8F40A259B22E000984E94 /* Sources */,
				3FD8F40B259B22E000984E94 /* Frameworks */,
				3FD8F40C259B22E000984E94 /* Resources */,
			);
			buildRules = (
			);
			dependencies = (
				3FD8F410259B22E000984E94 /* PBXTargetDependency */,
			);
			name = PreworkUITests;
			productName = PreworkUITests;
			productReference = 3FD8F40E259B22E000984E94 /* PreworkUITests.xctest */;
			productType = "com.apple.product-type.bundle.ui-testing";
		};
/* End PBXNativeTarget section */

/* Begin PBXProject section */
		3FD8F3E5259B22DB00984E94 /* Project object */ = {
			isa = PBXProject;
			attributes = {
				LastSwiftUpdateCheck = 1230;
				LastUpgradeCheck = 1230;
				TargetAttributes = {
					3FD8F3EC259B22DB00984E94 = {
						CreatedOnToolsVersion = 12.3;
					};
					3FD8F402259B22E000984E94 = {
						CreatedOnToolsVersion = 12.3;
						TestTargetID = 3FD8F3EC259B22DB00984E94;
					};
					3FD8F40D259B22E000984E94 = {
						CreatedOnToolsVersion = 12.3;
						TestTargetID = 3FD8F3EC259B22DB00984E94;
					};
				};
			};
			buildConfigurationList = 3FD8F3E8259B22DB00984E94 /* Build configuration list for PBXProject "Prework" */;
			compatibilityVersion = "Xcode 9.3";
			developmentRegion = en;
			hasScannedForEncodings = 0;
			knownRegions = (
				en,
				Base,
			);
			mainGroup = 3FD8F3E4259B22DB00984E94;
			productRefGroup = 3FD8F3EE259B22DB00984E94 /* Products */;
			projectDirPath = "";
			projectRoot = "";
			targets = (
				3FD8F3EC259B22DB00984E94 /* Prework */,
				3FD8F402259B22E000984E94 /* PreworkTests */,
				3FD8F40D259B22E000984E94 /* PreworkUITests */,
			);
		};
/* End PBXProject section */

/* Begin PBXResourcesBuildPhase section */
		3FD8F3EB259B22DB00984E94 /* Resources */ = {
			isa = PBXResourcesBuildPhase;
			buildActionMask = 2147483647;
			files = (
				3FD8F3FD259B22E000984E94 /* LaunchScreen.storyboard in Resources */,
				3FD8F3FA259B22E000984E94 /* Assets.xcassets in Resources */,
				3FD8F3F8259B22DB00984E94 /* Main.storyboard in Resources */,
			);
			runOnlyForDeploymentPostprocessing = 0;
		};
		3FD8F401259B22E000984E94 /* Resources */ = {
			isa = PBXResourcesBuildPhase;
			buildActionMask = 2147483647;
			files = (
			);
			runOnlyForDeploymentPostprocessing = 0;
		};
		3FD8F40C259B22E000984E94 /* Resources */ = {
			isa = PBXResourcesBuildPhase;
			buildActionMask = 2147483647;
			files = (
			);
			runOnlyForDeploymentPostprocessing = 0;
		};
/* End PBXResourcesBuildPhase section */

/* Begin PBXSourcesBuildPhase section */
		3FD8F3E9259B22DB00984E94 /* Sources */ = {
			isa = PBXSourcesBuildPhase;
			buildActionMask = 2147483647;
			files = (
				3FD8F3F5259B22DB00984E94 /* ViewController.swift in Sources */,
				3FD8F3F1259B22DB00984E94 /* AppDelegate.swift in Sources */,
				3FD8F3F3259B22DB00984E94 /* SceneDelegate.swift in Sources */,
			);
			runOnlyForDeploymentPostprocessing = 0;
		};
		3FD8F3FF259B22E000984E94 /* Sources */ = {
			isa = PBXSourcesBuildPhase;
			buildActionMask = 2147483647;
			files = (
				3FD8F408259B22E000984E94 /* PreworkTests.swift in Sources */,
			);
			runOnlyForDeploymentPostprocessing = 0;
		};
		3FD8F40A259B22E000984E94 /* Sources */ = {
			isa = PBXSourcesBuildPhase;
			buildActionMask = 2147483647;
			files = (
				3FD8F413259B22E000984E94 /* PreworkUITests.swift in Sources */,
			);
			runOnlyForDeploymentPostprocessing = 0;
		};
/* End PBXSourcesBuildPhase section */

/* Begin PBXTargetDependency section */
		3FD8F405259B22E000984E94 /* PBXTargetDependency */ = {
			isa = PBXTargetDependency;
			target = 3FD8F3EC259B22DB00984E94 /* Prework */;
			targetProxy = 3FD8F404259B22E000984E94 /* PBXContainerItemProxy */;
		};
		3FD8F410259B22E000984E94 /* PBXTargetDependency */ = {
			isa = PBXTargetDependency;
			target = 3FD8F3EC259B22DB00984E94 /* Prework */;
			targetProxy = 3FD8F40F259B22E000984E94 /* PBXContainerItemProxy */;
		};
/* End PBXTargetDependency section */

/* Begin PBXVariantGroup section */
		3FD8F3F6259B22DB00984E94 /* Main.storyboard */ = {
			isa = PBXVariantGroup;
			children = (
				3FD8F3F7259B22DB00984E94 /* Base */,
			);
			name = Main.storyboard;
			sourceTree = "<group>";
		};
		3FD8F3FB259B22E000984E94 /* LaunchScreen.storyboard */ = {
			isa = PBXVariantGroup;
			children = (
				3FD8F3FC259B22E000984E94 /* Base */,
			);
			name = LaunchScreen.storyboard;
			sourceTree = "<group>";
		};
/* End PBXVariantGroup section */

/* Begin XCBuildConfiguration section */
		3FD8F415259B22E000984E94 /* Debug */ = {
			isa = XCBuildConfiguration;
			buildSettings = {
				ALWAYS_SEARCH_USER_PATHS = NO;
				CLANG_ANALYZER_NONNULL = YES;
				CLANG_ANALYZER_NUMBER_OBJECT_CONVERSION = YES_AGGRESSIVE;
				CLANG_CXX_LANGUAGE_STANDARD = "gnu++14";
				CLANG_CXX_LIBRARY = "libc++";
				CLANG_ENABLE_MODULES = YES;
				CLANG_ENABLE_OBJC_ARC = YES;
				CLANG_ENABLE_OBJC_WEAK = YES;
				CLANG_WARN_BLOCK_CAPTURE_AUTORELEASING = YES;
				CLANG_WARN_BOOL_CONVERSION = YES;
				CLANG_WARN_COMMA = YES;
				CLANG_WARN_CONSTANT_CONVERSION = YES;
				CLANG_WARN_DEPRECATED_OBJC_IMPLEMENTATIONS = YES;
				CLANG_WARN_DIRECT_OBJC_ISA_USAGE = YES_ERROR;
				CLANG_WARN_DOCUMENTATION_COMMENTS = YES;
				CLANG_WARN_EMPTY_BODY = YES;
				CLANG_WARN_ENUM_CONVERSION = YES;
				CLANG_WARN_INFINITE_RECURSION = YES;
				CLANG_WARN_INT_CONVERSION = YES;
				CLANG_WARN_NON_LITERAL_NULL_CONVERSION = YES;
				CLANG_WARN_OBJC_IMPLICIT_RETAIN_SELF = YES;
				CLANG_WARN_OBJC_LITERAL_CONVERSION = YES;
				CLANG_WARN_OBJC_ROOT_CLASS = YES_ERROR;
				CLANG_WARN_QUOTED_INCLUDE_IN_FRAMEWORK_HEADER = YES;
				CLANG_WARN_RANGE_LOOP_ANALYSIS = YES;
				CLANG_WARN_STRICT_PROTOTYPES = YES;
				CLANG_WARN_SUSPICIOUS_MOVE = YES;
				CLANG_WARN_UNGUARDED_AVAILABILITY = YES_AGGRESSIVE;
				CLANG_WARN_UNREACHABLE_CODE = YES;
				CLANG_WARN__DUPLICATE_METHOD_MATCH = YES;
				COPY_PHASE_STRIP = NO;
				DEBUG_INFORMATION_FORMAT = dwarf;
				ENABLE_STRICT_OBJC_MSGSEND = YES;
				ENABLE_TESTABILITY = YES;
				GCC_C_LANGUAGE_STANDARD = gnu11;
				GCC_DYNAMIC_NO_PIC = NO;
				GCC_NO_COMMON_BLOCKS = YES;
				GCC_OPTIMIZATION_LEVEL = 0;
				GCC_PREPROCESSOR_DEFINITIONS = (
					"DEBUG=1",
					"$(inherited)",
				);
				GCC_WARN_64_TO_32_BIT_CONVERSION = YES;
				GCC_WARN_ABOUT_RETURN_TYPE = YES_ERROR;
				GCC_WARN_UNDECLARED_SELECTOR = YES;
				GCC_WARN_UNINITIALIZED_AUTOS = YES_AGGRESSIVE;
				GCC_WARN_UNUSED_FUNCTION = YES;
				GCC_WARN_UNUSED_VARIABLE = YES;
				IPHONEOS_DEPLOYMENT_TARGET = 14.3;
				MTL_ENABLE_DEBUG_INFO = INCLUDE_SOURCE;
				MTL_FAST_MATH = YES;
				ONLY_ACTIVE_ARCH = YES;
				SDKROOT = iphoneos;
				SWIFT_ACTIVE_COMPILATION_CONDITIONS = DEBUG;
				SWIFT_OPTIMIZATION_LEVEL = "-Onone";
			};
			name = Debug;
		};
		3FD8F416259B22E000984E94 /* Release */ = {
			isa = XCBuildConfiguration;
			buildSettings = {
				ALWAYS_SEARCH_USER_PATHS = NO;
				CLANG_ANALYZER_NONNULL = YES;
				CLANG_ANALYZER_NUMBER_OBJECT_CONVERSION = YES_AGGRESSIVE;
				CLANG_CXX_LANGUAGE_STANDARD = "gnu++14";
				CLANG_CXX_LIBRARY = "libc++";
				CLANG_ENABLE_MODULES = YES;
				CLANG_ENABLE_OBJC_ARC = YES;
				CLANG_ENABLE_OBJC_WEAK = YES;
				CLANG_WARN_BLOCK_CAPTURE_AUTORELEASING = YES;
				CLANG_WARN_BOOL_CONVERSION = YES;
				CLANG_WARN_COMMA = YES;
				CLANG_WARN_CONSTANT_CONVERSION = YES;
				CLANG_WARN_DEPRECATED_OBJC_IMPLEMENTATIONS = YES;
				CLANG_WARN_DIRECT_OBJC_ISA_USAGE = YES_ERROR;
				CLANG_WARN_DOCUMENTATION_COMMENTS = YES;
				CLANG_WARN_EMPTY_BODY = YES;
				CLANG_WARN_ENUM_CONVERSION = YES;
				CLANG_WARN_INFINITE_RECURSION = YES;
				CLANG_WARN_INT_CONVERSION = YES;
				CLANG_WARN_NON_LITERAL_NULL_CONVERSION = YES;
				CLANG_WARN_OBJC_IMPLICIT_RETAIN_SELF = YES;
				CLANG_WARN_OBJC_LITERAL_CONVERSION = YES;
				CLANG_WARN_OBJC_ROOT_CLASS = YES_ERROR;
				CLANG_WARN_QUOTED_INCLUDE_IN_FRAMEWORK_HEADER = YES;
				CLANG_WARN_RANGE_LOOP_ANALYSIS = YES;
				CLANG_WARN_STRICT_PROTOTYPES = YES;
				CLANG_WARN_SUSPICIOUS_MOVE = YES;
				CLANG_WARN_UNGUARDED_AVAILABILITY = YES_AGGRESSIVE;
				CLANG_WARN_UNREACHABLE_CODE = YES;
				CLANG_WARN__DUPLICATE_METHOD_MATCH = YES;
				COPY_PHASE_STRIP = NO;
				DEBUG_INFORMATION_FORMAT = "dwarf-with-dsym";
				ENABLE_NS_ASSERTIONS = NO;
				ENABLE_STRICT_OBJC_MSGSEND = YES;
				GCC_C_LANGUAGE_STANDARD = gnu11;
				GCC_NO_COMMON_BLOCKS = YES;
				GCC_WARN_64_TO_32_BIT_CONVERSION = YES;
				GCC_WARN_ABOUT_RETURN_TYPE = YES_ERROR;
				GCC_WARN_UNDECLARED_SELECTOR = YES;
				GCC_WARN_UNINITIALIZED_AUTOS = YES_AGGRESSIVE;
				GCC_WARN_UNUSED_FUNCTION = YES;
				GCC_WARN_UNUSED_VARIABLE = YES;
				IPHONEOS_DEPLOYMENT_TARGET = 14.3;
				MTL_ENABLE_DEBUG_INFO = NO;
				MTL_FAST_MATH = YES;
				SDKROOT = iphoneos;
				SWIFT_COMPILATION_MODE = wholemodule;
				SWIFT_OPTIMIZATION_LEVEL = "-O";
				VALIDATE_PRODUCT = YES;
			};
			name = Release;
		};
		3FD8F418259B22E000984E94 /* Debug */ = {
			isa = XCBuildConfiguration;
			buildSettings = {
				ASSETCATALOG_COMPILER_APPICON_NAME = AppIcon;
				ASSETCATALOG_COMPILER_GLOBAL_ACCENT_COLOR_NAME = AccentColor;
				CODE_SIGN_STYLE = Automatic;
				INFOPLIST_FILE = Prework/Info.plist;
				LD_RUNPATH_SEARCH_PATHS = (
					"$(inherited)",
					"@executable_path/Frameworks",
				);
				PRODUCT_BUNDLE_IDENTIFIER = codepath.Prework;
				PRODUCT_NAME = "$(TARGET_NAME)";
				SWIFT_VERSION = 5.0;
				TARGETED_DEVICE_FAMILY = "1,2";
			};
			name = Debug;
		};
		3FD8F419259B22E000984E94 /* Release */ = {
			isa = XCBuildConfiguration;
			buildSettings = {
				ASSETCATALOG_COMPILER_APPICON_NAME = AppIcon;
				ASSETCATALOG_COMPILER_GLOBAL_ACCENT_COLOR_NAME = AccentColor;
				CODE_SIGN_STYLE = Automatic;
				INFOPLIST_FILE = Prework/Info.plist;
				LD_RUNPATH_SEARCH_PATHS = (
					"$(inherited)",
					"@executable_path/Frameworks",
				);
				PRODUCT_BUNDLE_IDENTIFIER = codepath.Prework;
				PRODUCT_NAME = "$(TARGET_NAME)";
				SWIFT_VERSION = 5.0;
				TARGETED_DEVICE_FAMILY = "1,2";
			};
			name = Release;
		};
		3FD8F41B259B22E000984E94 /* Debug */ = {
			isa = XCBuildConfiguration;
			buildSettings = {
				ALWAYS_EMBED_SWIFT_STANDARD_LIBRARIES = YES;
				BUNDLE_LOADER = "$(TEST_HOST)";
				CODE_SIGN_STYLE = Automatic;
				INFOPLIST_FILE = PreworkTests/Info.plist;
				IPHONEOS_DEPLOYMENT_TARGET = 14.3;
				LD_RUNPATH_SEARCH_PATHS = (
					"$(inherited)",
					"@executable_path/Frameworks",
					"@loader_path/Frameworks",
				);
				PRODUCT_BUNDLE_IDENTIFIER = codepath.PreworkTests;
				PRODUCT_NAME = "$(TARGET_NAME)";
				SWIFT_VERSION = 5.0;
				TARGETED_DEVICE_FAMILY = "1,2";
				TEST_HOST = "$(BUILT_PRODUCTS_DIR)/Prework.app/Prework";
			};
			name = Debug;
		};
		3FD8F41C259B22E000984E94 /* Release */ = {
			isa = XCBuildConfiguration;
			buildSettings = {
				ALWAYS_EMBED_SWIFT_STANDARD_LIBRARIES = YES;
				BUNDLE_LOADER = "$(TEST_HOST)";
				CODE_SIGN_STYLE = Automatic;
				INFOPLIST_FILE = PreworkTests/Info.plist;
				IPHONEOS_DEPLOYMENT_TARGET = 14.3;
				LD_RUNPATH_SEARCH_PATHS = (
					"$(inherited)",
					"@executable_path/Frameworks",
					"@loader_path/Frameworks",
				);
				PRODUCT_BUNDLE_IDENTIFIER = codepath.PreworkTests;
				PRODUCT_NAME = "$(TARGET_NAME)";
				SWIFT_VERSION = 5.0;
				TARGETED_DEVICE_FAMILY = "1,2";
				TEST_HOST = "$(BUILT_PRODUCTS_DIR)/Prework.app/Prework";
			};
			name = Release;
		};
		3FD8F41E259B22E000984E94 /* Debug */ = {
			isa = XCBuildConfiguration;
			buildSettings = {
				ALWAYS_EMBED_SWIFT_STANDARD_LIBRARIES = YES;
				CODE_SIGN_STYLE = Automatic;
				INFOPLIST_FILE = PreworkUITests/Info.plist;
				LD_RUNPATH_SEARCH_PATHS = (
					"$(inherited)",
					"@executable_path/Frameworks",
					"@loader_path/Frameworks",
				);
				PRODUCT_BUNDLE_IDENTIFIER = codepath.PreworkUITests;
				PRODUCT_NAME = "$(TARGET_NAME)";
				SWIFT_VERSION = 5.0;
				TARGETED_DEVICE_FAMILY = "1,2";
				TEST_TARGET_NAME = Prework;
			};
			name = Debug;
		};
		3FD8F41F259B22E000984E94 /* Release */ = {
			isa = XCBuildConfiguration;
			buildSettings = {
				ALWAYS_EMBED_SWIFT_STANDARD_LIBRARIES = YES;
				CODE_SIGN_STYLE = Automatic;
				INFOPLIST_FILE = PreworkUITests/Info.plist;
				LD_RUNPATH_SEARCH_PATHS = (
					"$(inherited)",
					"@executable_path/Frameworks",
					"@loader_path/Frameworks",
				);
				PRODUCT_BUNDLE_IDENTIFIER = codepath.PreworkUITests;
				PRODUCT_NAME = "$(TARGET_NAME)";
				SWIFT_VERSION = 5.0;
				TARGETED_DEVICE_FAMILY = "1,2";
				TEST_TARGET_NAME = Prework;
			};
			name = Release;
		};
/* End XCBuildConfiguration section */

/* Begin XCConfigurationList section */
		3FD8F3E8259B22DB00984E94 /* Build configuration list for PBXProject "Prework" */ = {
			isa = XCConfigurationList;
			buildConfigurations = (
				3FD8F415259B22E000984E94 /* Debug */,
				3FD8F416259B22E000984E94 /* Release */,
			);
			defaultConfigurationIsVisible = 0;
			defaultConfigurationName = Release;
		};
		3FD8F417259B22E000984E94 /* Build configuration list for PBXNativeTarget "Prework" */ = {
			isa = XCConfigurationList;
			buildConfigurations = (
				3FD8F418259B22E000984E94 /* Debug */,
				3FD8F419259B22E000984E94 /* Release */,
			);
			defaultConfigurationIsVisible = 0;
			defaultConfigurationName = Release;
		};
		3FD8F41A259B22E000984E94 /* Build configuration list for PBXNativeTarget "PreworkTests" */ = {
			isa = XCConfigurationList;
			buildConfigurations = (
				3FD8F41B259B22E000984E94 /* Debug */,
				3FD8F41C259B22E000984E94 /* Release */,
			);
			defaultConfigurationIsVisible = 0;
			defaultConfigurationName = Release;
		};
		3FD8F41D259B22E000984E94 /* Build configuration list for PBXNativeTarget "PreworkUITests" */ = {
			isa = XCConfigurationList;
			buildConfigurations = (
				3FD8F41E259B22E000984E94 /* Debug */,
				3FD8F41F259B22E000984E94 /* Release */,
			);
			defaultConfigurationIsVisible = 0;
			defaultConfigurationName = Release;
		};
/* End XCConfigurationList section */
	};
	rootObject = 3FD8F3E5259B22DB00984E94 /* Project object */;
}
